
Microsoft Visual Studio Solution File, Format Version 12.00
# Visual Studio Version 16
VisualStudioVersion = 16.0.30503.244
MinimumVisualStudioVersion = 10.0.40219.1
Project("{9A19103F-16F7-4668-BE54-9A1E7A4F7556}") = "ClearServerCore", "ClearServerCore.csproj", "{3C263F31-A86A-4ADB-9B91-36C66C7553C2}"
EndProject
Project("{FAE04EC0-301F-11D3-BF4B-00C04F79EFBC}") = "ForTesting", "..\ForTesting\ForTesting.csproj", "{D51240F3-69A9-4715-BF69-41E23B0EE52A}"
EndProject
Global
	GlobalSection(SolutionConfigurationPlatforms) = preSolution
		Debug|Any CPU = Debug|Any CPU
		Release|Any CPU = Release|Any CPU
	EndGlobalSection
	GlobalSection(ProjectConfigurationPlatforms) = postSolution
		{3C263F31-A86A-4ADB-9B91-36C66C7553C2}.Debug|Any CPU.ActiveCfg = Debug|Any CPU
		{3C263F31-A86A-4ADB-9B91-36C66C7553C2}.Debug|Any CPU.Build.0 = Debug|Any CPU
		{3C263F31-A86A-4ADB-9B91-36C66C7553C2}.Release|Any CPU.ActiveCfg = Release|Any CPU
		{3C263F31-A86A-4ADB-9B91-36C66C7553C2}.Release|Any CPU.Build.0 = Release|Any CPU
		{D51240F3-69A9-4715-BF69-41E23B0EE52A}.Debug|Any CPU.ActiveCfg = Debug|Any CPU
		{D51240F3-69A9-4715-BF69-41E23B0EE52A}.Debug|Any CPU.Build.0 = Debug|Any CPU
		{D51240F3-69A9-4715-BF69-41E23B0EE52A}.Release|Any CPU.ActiveCfg = Release|Any CPU
		{D51240F3-69A9-4715-BF69-41E23B0EE52A}.Release|Any CPU.Build.0 = Release|Any CPU
	EndGlobalSection
	GlobalSection(SolutionProperties) = preSolution
		HideSolutionNode = FALSE
	EndGlobalSection
	GlobalSection(ExtensibilityGlobals) = postSolution
		SolutionGuid = {C2B30975-9ED6-43E2-BFBF-ED0D32758263}
	EndGlobalSection
EndGlobal
