
Microsoft Visual Studio Solution File, Format Version 12.00
# Visual Studio Version 16
VisualStudioVersion = 16.0.30406.217
MinimumVisualStudioVersion = 10.0.40219.1
Project("{FAE04EC0-301F-11D3-BF4B-00C04F79EFBC}") = "ClearServer", "ClearServer.csproj", "{3A3348F5-AAD4-44F4-9F65-BA8F2B4047C4}"
EndProject
Project("{FAE04EC0-301F-11D3-BF4B-00C04F79EFBC}") = "Testing", "..\Testing\Testing.csproj", "{E3A62B94-BD7D-49F1-BACE-253D93F266CB}"
EndProject
Global
	GlobalSection(SolutionConfigurationPlatforms) = preSolution
		Debug|Any CPU = Debug|Any CPU
		Release|Any CPU = Release|Any CPU
	EndGlobalSection
	GlobalSection(ProjectConfigurationPlatforms) = postSolution
		{3A3348F5-AAD4-44F4-9F65-BA8F2B4047C4}.Debug|Any CPU.ActiveCfg = Debug|Any CPU
		{3A3348F5-AAD4-44F4-9F65-BA8F2B4047C4}.Debug|Any CPU.Build.0 = Debug|Any CPU
		{3A3348F5-AAD4-44F4-9F65-BA8F2B4047C4}.Release|Any CPU.ActiveCfg = Release|Any CPU
		{3A3348F5-AAD4-44F4-9F65-BA8F2B4047C4}.Release|Any CPU.Build.0 = Release|Any CPU
		{E3A62B94-BD7D-49F1-BACE-253D93F266CB}.Debug|Any CPU.ActiveCfg = Debug|Any CPU
		{E3A62B94-BD7D-49F1-BACE-253D93F266CB}.Debug|Any CPU.Build.0 = Debug|Any CPU
		{E3A62B94-BD7D-49F1-BACE-253D93F266CB}.Release|Any CPU.ActiveCfg = Release|Any CPU
		{E3A62B94-BD7D-49F1-BACE-253D93F266CB}.Release|Any CPU.Build.0 = Release|Any CPU
	EndGlobalSection
	GlobalSection(SolutionProperties) = preSolution
		HideSolutionNode = FALSE
	EndGlobalSection
	GlobalSection(ExtensibilityGlobals) = postSolution
		SolutionGuid = {398F992D-6A59-4E35-A91E-8CB296473261}
	EndGlobalSection
EndGlobal
